// !$*UTF8*$!
{
	archiveVersion = 1;
	classes = {
	};
	objectVersion = 56;
	objects = {

/* Begin PBXBuildFile section */
		001ACF0705500188E80CB069 /* Pods_Compact_Schedule.framework in Frameworks */ = {isa = PBXBuildFile; fileRef = 5137A23012267516073645B8 /* Pods_Compact_Schedule.framework */; };
		9169E5FE2A63C73F00270814 /* Compact_ScheduleApp.swift in Sources */ = {isa = PBXBuildFile; fileRef = 9169E5FD2A63C73F00270814 /* Compact_ScheduleApp.swift */; };
		9169E6002A63C73F00270814 /* ContentView.swift in Sources */ = {isa = PBXBuildFile; fileRef = 9169E5FF2A63C73F00270814 /* ContentView.swift */; };
		9169E6022A63C74000270814 /* Assets.xcassets in Resources */ = {isa = PBXBuildFile; fileRef = 9169E6012A63C74000270814 /* Assets.xcassets */; };
		9169E6052A63C74000270814 /* Preview Assets.xcassets in Resources */ = {isa = PBXBuildFile; fileRef = 9169E6042A63C74000270814 /* Preview Assets.xcassets */; };
		9169E60C2A63C8E900270814 /* ScheduleView.swift in Sources */ = {isa = PBXBuildFile; fileRef = 9169E60B2A63C8E900270814 /* ScheduleView.swift */; };
		9169E6132A6626D200270814 /* ScheduleItemsView.swift in Sources */ = {isa = PBXBuildFile; fileRef = 9169E6122A6626D200270814 /* ScheduleItemsView.swift */; };
		9169E6152A6626EE00270814 /* ScheduleItemView.swift in Sources */ = {isa = PBXBuildFile; fileRef = 9169E6142A6626EE00270814 /* ScheduleItemView.swift */; };
		9169E6172A6626F900270814 /* ScheduleItem_EditView.swift in Sources */ = {isa = PBXBuildFile; fileRef = 9169E6162A6626F900270814 /* ScheduleItem_EditView.swift */; };
		9169E6192A66270100270814 /* ScheduleItem.swift in Sources */ = {isa = PBXBuildFile; fileRef = 9169E6182A66270100270814 /* ScheduleItem.swift */; };
		9169E61B2A66279C00270814 /* ScheduleSize.swift in Sources */ = {isa = PBXBuildFile; fileRef = 9169E61A2A66279C00270814 /* ScheduleSize.swift */; };
		9169E61D2A6627D600270814 /* SelectNewScheduleView.swift in Sources */ = {isa = PBXBuildFile; fileRef = 9169E61C2A6627D600270814 /* SelectNewScheduleView.swift */; };
		9169E6212A66286D00270814 /* TimeScaleView.swift in Sources */ = {isa = PBXBuildFile; fileRef = 9169E6202A66286D00270814 /* TimeScaleView.swift */; };
		9169E6242A6628A200270814 /* ShortTickMark.swift in Sources */ = {isa = PBXBuildFile; fileRef = 9169E6232A6628A200270814 /* ShortTickMark.swift */; };
		9169E6262A6628B800270814 /* LongTickMark.swift in Sources */ = {isa = PBXBuildFile; fileRef = 9169E6252A6628B800270814 /* LongTickMark.swift */; };
		9169E6282A6628C100270814 /* TickMark.swift in Sources */ = {isa = PBXBuildFile; fileRef = 9169E6272A6628C100270814 /* TickMark.swift */; };
		9169E62B2A66290C00270814 /* OneHourTickMarks.swift in Sources */ = {isa = PBXBuildFile; fileRef = 9169E62A2A66290C00270814 /* OneHourTickMarks.swift */; };
		9169E62D2A66293700270814 /* Cliped_OneHourTickMarks.swift in Sources */ = {isa = PBXBuildFile; fileRef = 9169E62C2A66293700270814 /* Cliped_OneHourTickMarks.swift */; };
		9169E62F2A6629FD00270814 /* AddScheduleButton.swift in Sources */ = {isa = PBXBuildFile; fileRef = 9169E62E2A6629FD00270814 /* AddScheduleButton.swift */; };
		9169E6342A66940900270814 /* ActivityRow.swift in Sources */ = {isa = PBXBuildFile; fileRef = 9169E6332A66940900270814 /* ActivityRow.swift */; };
		9169E6362A66941800270814 /* AddActivityRow.swift in Sources */ = {isa = PBXBuildFile; fileRef = 9169E6352A66941800270814 /* AddActivityRow.swift */; };
		9169E63B2A66951C00270814 /* TaskList.swift in Sources */ = {isa = PBXBuildFile; fileRef = 9169E63A2A66951C00270814 /* TaskList.swift */; };
		9169E6402A6695A400270814 /* TaskRow.swift in Sources */ = {isa = PBXBuildFile; fileRef = 9169E63F2A6695A400270814 /* TaskRow.swift */; };
		9169E6422A6695D800270814 /* ActivityRowFrame.swift in Sources */ = {isa = PBXBuildFile; fileRef = 9169E6412A6695D800270814 /* ActivityRowFrame.swift */; };
		9169E6462A66968700270814 /* Activity.swift in Sources */ = {isa = PBXBuildFile; fileRef = 9169E6452A66968700270814 /* Activity.swift */; };
		9169E6482A6696A700270814 /* Task.swift in Sources */ = {isa = PBXBuildFile; fileRef = 9169E6472A6696A700270814 /* Task.swift */; };
		9169E64B2A6698A900270814 /* ActivityAndTasksRow.swift in Sources */ = {isa = PBXBuildFile; fileRef = 9169E64A2A6698A900270814 /* ActivityAndTasksRow.swift */; };
		9169E64D2A66990C00270814 /* ActivitiesView.swift in Sources */ = {isa = PBXBuildFile; fileRef = 9169E64C2A66990C00270814 /* ActivitiesView.swift */; };
		9169E6532A669E6500270814 /* AddActivityRow_Active.swift in Sources */ = {isa = PBXBuildFile; fileRef = 9169E6522A669E6500270814 /* AddActivityRow_Active.swift */; };
		9169E6552A669E8B00270814 /* AddActivityRow_Inactive.swift in Sources */ = {isa = PBXBuildFile; fileRef = 9169E6542A669E8B00270814 /* AddActivityRow_Inactive.swift */; };
		9169E6572A669EA800270814 /* AddActivityRow_InactiveViewModel.swift in Sources */ = {isa = PBXBuildFile; fileRef = 9169E6562A669EA800270814 /* AddActivityRow_InactiveViewModel.swift */; };
		9169E65A2A6A337B00270814 /* ScheduleItem_EditViewModel.swift in Sources */ = {isa = PBXBuildFile; fileRef = 9169E6592A6A337B00270814 /* ScheduleItem_EditViewModel.swift */; };
		9169E65C2A6A339500270814 /* ScheduleDragObserver.swift in Sources */ = {isa = PBXBuildFile; fileRef = 9169E65B2A6A339500270814 /* ScheduleDragObserver.swift */; };
		9169E65E2A6BA9B600270814 /* ActivityColor.swift in Sources */ = {isa = PBXBuildFile; fileRef = 9169E65D2A6BA9B600270814 /* ActivityColor.swift */; };
		9169E6612A6D1D6A00270814 /* GlobalConstants.swift in Sources */ = {isa = PBXBuildFile; fileRef = 9169E6602A6D1D6A00270814 /* GlobalConstants.swift */; };
		9169E6632A6F669900270814 /* SlidableRow.swift in Sources */ = {isa = PBXBuildFile; fileRef = 9169E6622A6F669900270814 /* SlidableRow.swift */; };
		9169E6652A6F66CF00270814 /* DeletableRow.swift in Sources */ = {isa = PBXBuildFile; fileRef = 9169E6642A6F66CF00270814 /* DeletableRow.swift */; };
		9169E6682A733B4C00270814 /* AddTaskButton.swift in Sources */ = {isa = PBXBuildFile; fileRef = 9169E6672A733B4C00270814 /* AddTaskButton.swift */; };
		9169E66A2A775B9900270814 /* ScheduleItemBackground.swift in Sources */ = {isa = PBXBuildFile; fileRef = 9169E6692A775B9900270814 /* ScheduleItemBackground.swift */; };
		9169E66C2A775BA800270814 /* EditScheduleItemBackground.swift in Sources */ = {isa = PBXBuildFile; fileRef = 9169E66B2A775BA800270814 /* EditScheduleItemBackground.swift */; };
		9169E6722A775E9400270814 /* setScrollTop.swift in Sources */ = {isa = PBXBuildFile; fileRef = 9169E6712A775E9400270814 /* setScrollTop.swift */; };
		9169E6742A7760A200270814 /* ScheduleItem_DisplayView.swift in Sources */ = {isa = PBXBuildFile; fileRef = 9169E6732A7760A200270814 /* ScheduleItem_DisplayView.swift */; };
		9169E6762A7A2A3D00270814 /* RealtimeDate.swift in Sources */ = {isa = PBXBuildFile; fileRef = 9169E6752A7A2A3D00270814 /* RealtimeDate.swift */; };
		9169E6792A7A42C600270814 /* ScheduleItemViewSize.swift in Sources */ = {isa = PBXBuildFile; fileRef = 9169E6782A7A42C600270814 /* ScheduleItemViewSize.swift */; };
		9169E67D2A7E2E0200270814 /* ContentView_forScreenShot.swift in Sources */ = {isa = PBXBuildFile; fileRef = 9169E67C2A7E2E0200270814 /* ContentView_forScreenShot.swift */; };
		91B3AF2F2A83862E00E414F8 /* ScheduleViewModel.swift in Sources */ = {isa = PBXBuildFile; fileRef = 91B3AF2E2A83862E00E414F8 /* ScheduleViewModel.swift */; };
		91B3AF342A8386AF00E414F8 /* topItem_ScheduleView.swift in Sources */ = {isa = PBXBuildFile; fileRef = 91B3AF332A8386AF00E414F8 /* topItem_ScheduleView.swift */; };
		91B3AF372A8388F300E414F8 /* SelectNewScheduleViewModel.swift in Sources */ = {isa = PBXBuildFile; fileRef = 91B3AF362A8388F300E414F8 /* SelectNewScheduleViewModel.swift */; };
		91B3AF392A83893100E414F8 /* TaskPicker.swift in Sources */ = {isa = PBXBuildFile; fileRef = 91B3AF382A83893100E414F8 /* TaskPicker.swift */; };
		91B3AF3B2A83895700E414F8 /* ActivityMenu.swift in Sources */ = {isa = PBXBuildFile; fileRef = 91B3AF3A2A83895700E414F8 /* ActivityMenu.swift */; };
		91B3AF402A8389C100E414F8 /* topItem_ActivitiesView.swift in Sources */ = {isa = PBXBuildFile; fileRef = 91B3AF3F2A8389C100E414F8 /* topItem_ActivitiesView.swift */; };
		91B3AF442A838A3900E414F8 /* SlideObserver.swift in Sources */ = {isa = PBXBuildFile; fileRef = 91B3AF432A838A3900E414F8 /* SlideObserver.swift */; };
		91B3AF472A838B9F00E414F8 /* TagButtons.swift in Sources */ = {isa = PBXBuildFile; fileRef = 91B3AF462A838B9F00E414F8 /* TagButtons.swift */; };
		91B3AF492A838F9600E414F8 /* DayHourMinute.swift in Sources */ = {isa = PBXBuildFile; fileRef = 91B3AF482A838F9600E414F8 /* DayHourMinute.swift */; };
		91B3AF4C2A84439A00E414F8 /* TagAndTaskView.swift in Sources */ = {isa = PBXBuildFile; fileRef = 91B3AF4B2A84439A00E414F8 /* TagAndTaskView.swift */; };
		91B3AF4E2A8443C900E414F8 /* ActivityTag.swift in Sources */ = {isa = PBXBuildFile; fileRef = 91B3AF4D2A8443C900E414F8 /* ActivityTag.swift */; };
		91B3AF532A84715B00E414F8 /* DurationPicker.swift in Sources */ = {isa = PBXBuildFile; fileRef = 91B3AF522A84715B00E414F8 /* DurationPicker.swift */; };
		91B3AF552A84717500E414F8 /* Task_RowMark.swift in Sources */ = {isa = PBXBuildFile; fileRef = 91B3AF542A84717500E414F8 /* Task_RowMark.swift */; };
/* End PBXBuildFile section */

/* Begin PBXFileReference section */
		1D8D68D418C4B27D6B7369DA /* Pods-Compact Schedule.debug.xcconfig */ = {isa = PBXFileReference; includeInIndex = 1; lastKnownFileType = text.xcconfig; name = "Pods-Compact Schedule.debug.xcconfig"; path = "Target Support Files/Pods-Compact Schedule/Pods-Compact Schedule.debug.xcconfig"; sourceTree = "<group>"; };
		5137A23012267516073645B8 /* Pods_Compact_Schedule.framework */ = {isa = PBXFileReference; explicitFileType = wrapper.framework; includeInIndex = 0; path = Pods_Compact_Schedule.framework; sourceTree = BUILT_PRODUCTS_DIR; };
		9169E5FA2A63C73F00270814 /* Compact Schedule.app */ = {isa = PBXFileReference; explicitFileType = wrapper.application; includeInIndex = 0; path = "Compact Schedule.app"; sourceTree = BUILT_PRODUCTS_DIR; };
		9169E5FD2A63C73F00270814 /* Compact_ScheduleApp.swift */ = {isa = PBXFileReference; lastKnownFileType = sourcecode.swift; path = Compact_ScheduleApp.swift; sourceTree = "<group>"; };
		9169E5FF2A63C73F00270814 /* ContentView.swift */ = {isa = PBXFileReference; lastKnownFileType = sourcecode.swift; path = ContentView.swift; sourceTree = "<group>"; };
		9169E6012A63C74000270814 /* Assets.xcassets */ = {isa = PBXFileReference; lastKnownFileType = folder.assetcatalog; path = Assets.xcassets; sourceTree = "<group>"; };
		9169E6042A63C74000270814 /* Preview Assets.xcassets */ = {isa = PBXFileReference; lastKnownFileType = folder.assetcatalog; path = "Preview Assets.xcassets"; sourceTree = "<group>"; };
		9169E60B2A63C8E900270814 /* ScheduleView.swift */ = {isa = PBXFileReference; lastKnownFileType = sourcecode.swift; path = ScheduleView.swift; sourceTree = "<group>"; };
		9169E6122A6626D200270814 /* ScheduleItemsView.swift */ = {isa = PBXFileReference; lastKnownFileType = sourcecode.swift; path = ScheduleItemsView.swift; sourceTree = "<group>"; };
		9169E6142A6626EE00270814 /* ScheduleItemView.swift */ = {isa = PBXFileReference; lastKnownFileType = sourcecode.swift; path = ScheduleItemView.swift; sourceTree = "<group>"; };
		9169E6162A6626F900270814 /* ScheduleItem_EditView.swift */ = {isa = PBXFileReference; lastKnownFileType = sourcecode.swift; path = ScheduleItem_EditView.swift; sourceTree = "<group>"; };
		9169E6182A66270100270814 /* ScheduleItem.swift */ = {isa = PBXFileReference; lastKnownFileType = sourcecode.swift; path = ScheduleItem.swift; sourceTree = "<group>"; };
		9169E61A2A66279C00270814 /* ScheduleSize.swift */ = {isa = PBXFileReference; lastKnownFileType = sourcecode.swift; path = ScheduleSize.swift; sourceTree = "<group>"; };
		9169E61C2A6627D600270814 /* SelectNewScheduleView.swift */ = {isa = PBXFileReference; lastKnownFileType = sourcecode.swift; path = SelectNewScheduleView.swift; sourceTree = "<group>"; };
		9169E6202A66286D00270814 /* TimeScaleView.swift */ = {isa = PBXFileReference; lastKnownFileType = sourcecode.swift; path = TimeScaleView.swift; sourceTree = "<group>"; };
		9169E6232A6628A200270814 /* ShortTickMark.swift */ = {isa = PBXFileReference; lastKnownFileType = sourcecode.swift; path = ShortTickMark.swift; sourceTree = "<group>"; };
		9169E6252A6628B800270814 /* LongTickMark.swift */ = {isa = PBXFileReference; lastKnownFileType = sourcecode.swift; path = LongTickMark.swift; sourceTree = "<group>"; };
		9169E6272A6628C100270814 /* TickMark.swift */ = {isa = PBXFileReference; lastKnownFileType = sourcecode.swift; path = TickMark.swift; sourceTree = "<group>"; };
		9169E62A2A66290C00270814 /* OneHourTickMarks.swift */ = {isa = PBXFileReference; lastKnownFileType = sourcecode.swift; path = OneHourTickMarks.swift; sourceTree = "<group>"; };
		9169E62C2A66293700270814 /* Cliped_OneHourTickMarks.swift */ = {isa = PBXFileReference; lastKnownFileType = sourcecode.swift; path = Cliped_OneHourTickMarks.swift; sourceTree = "<group>"; };
		9169E62E2A6629FD00270814 /* AddScheduleButton.swift */ = {isa = PBXFileReference; lastKnownFileType = sourcecode.swift; path = AddScheduleButton.swift; sourceTree = "<group>"; };
		9169E6332A66940900270814 /* ActivityRow.swift */ = {isa = PBXFileReference; lastKnownFileType = sourcecode.swift; path = ActivityRow.swift; sourceTree = "<group>"; };
		9169E6352A66941800270814 /* AddActivityRow.swift */ = {isa = PBXFileReference; lastKnownFileType = sourcecode.swift; path = AddActivityRow.swift; sourceTree = "<group>"; };
		9169E63A2A66951C00270814 /* TaskList.swift */ = {isa = PBXFileReference; lastKnownFileType = sourcecode.swift; path = TaskList.swift; sourceTree = "<group>"; };
		9169E63F2A6695A400270814 /* TaskRow.swift */ = {isa = PBXFileReference; lastKnownFileType = sourcecode.swift; path = TaskRow.swift; sourceTree = "<group>"; };
		9169E6412A6695D800270814 /* ActivityRowFrame.swift */ = {isa = PBXFileReference; lastKnownFileType = sourcecode.swift; path = ActivityRowFrame.swift; sourceTree = "<group>"; };
		9169E6452A66968700270814 /* Activity.swift */ = {isa = PBXFileReference; lastKnownFileType = sourcecode.swift; path = Activity.swift; sourceTree = "<group>"; };
		9169E6472A6696A700270814 /* Task.swift */ = {isa = PBXFileReference; lastKnownFileType = sourcecode.swift; path = Task.swift; sourceTree = "<group>"; };
		9169E64A2A6698A900270814 /* ActivityAndTasksRow.swift */ = {isa = PBXFileReference; lastKnownFileType = sourcecode.swift; path = ActivityAndTasksRow.swift; sourceTree = "<group>"; };
		9169E64C2A66990C00270814 /* ActivitiesView.swift */ = {isa = PBXFileReference; lastKnownFileType = sourcecode.swift; path = ActivitiesView.swift; sourceTree = "<group>"; };
		9169E6522A669E6500270814 /* AddActivityRow_Active.swift */ = {isa = PBXFileReference; lastKnownFileType = sourcecode.swift; path = AddActivityRow_Active.swift; sourceTree = "<group>"; };
		9169E6542A669E8B00270814 /* AddActivityRow_Inactive.swift */ = {isa = PBXFileReference; lastKnownFileType = sourcecode.swift; path = AddActivityRow_Inactive.swift; sourceTree = "<group>"; };
		9169E6562A669EA800270814 /* AddActivityRow_InactiveViewModel.swift */ = {isa = PBXFileReference; lastKnownFileType = sourcecode.swift; path = AddActivityRow_InactiveViewModel.swift; sourceTree = "<group>"; };
		9169E6592A6A337B00270814 /* ScheduleItem_EditViewModel.swift */ = {isa = PBXFileReference; lastKnownFileType = sourcecode.swift; path = ScheduleItem_EditViewModel.swift; sourceTree = "<group>"; };
		9169E65B2A6A339500270814 /* ScheduleDragObserver.swift */ = {isa = PBXFileReference; lastKnownFileType = sourcecode.swift; path = ScheduleDragObserver.swift; sourceTree = "<group>"; };
		9169E65D2A6BA9B600270814 /* ActivityColor.swift */ = {isa = PBXFileReference; lastKnownFileType = sourcecode.swift; path = ActivityColor.swift; sourceTree = "<group>"; };
		9169E6602A6D1D6A00270814 /* GlobalConstants.swift */ = {isa = PBXFileReference; lastKnownFileType = sourcecode.swift; path = GlobalConstants.swift; sourceTree = "<group>"; };
		9169E6622A6F669900270814 /* SlidableRow.swift */ = {isa = PBXFileReference; lastKnownFileType = sourcecode.swift; path = SlidableRow.swift; sourceTree = "<group>"; };
		9169E6642A6F66CF00270814 /* DeletableRow.swift */ = {isa = PBXFileReference; lastKnownFileType = sourcecode.swift; path = DeletableRow.swift; sourceTree = "<group>"; };
		9169E6672A733B4C00270814 /* AddTaskButton.swift */ = {isa = PBXFileReference; lastKnownFileType = sourcecode.swift; path = AddTaskButton.swift; sourceTree = "<group>"; };
		9169E6692A775B9900270814 /* ScheduleItemBackground.swift */ = {isa = PBXFileReference; lastKnownFileType = sourcecode.swift; path = ScheduleItemBackground.swift; sourceTree = "<group>"; };
		9169E66B2A775BA800270814 /* EditScheduleItemBackground.swift */ = {isa = PBXFileReference; lastKnownFileType = sourcecode.swift; path = EditScheduleItemBackground.swift; sourceTree = "<group>"; };
		9169E6712A775E9400270814 /* setScrollTop.swift */ = {isa = PBXFileReference; lastKnownFileType = sourcecode.swift; path = setScrollTop.swift; sourceTree = "<group>"; };
		9169E6732A7760A200270814 /* ScheduleItem_DisplayView.swift */ = {isa = PBXFileReference; lastKnownFileType = sourcecode.swift; path = ScheduleItem_DisplayView.swift; sourceTree = "<group>"; };
		9169E6752A7A2A3D00270814 /* RealtimeDate.swift */ = {isa = PBXFileReference; lastKnownFileType = sourcecode.swift; path = RealtimeDate.swift; sourceTree = "<group>"; };
		9169E6782A7A42C600270814 /* ScheduleItemViewSize.swift */ = {isa = PBXFileReference; lastKnownFileType = sourcecode.swift; path = ScheduleItemViewSize.swift; sourceTree = "<group>"; };
		9169E67C2A7E2E0200270814 /* ContentView_forScreenShot.swift */ = {isa = PBXFileReference; lastKnownFileType = sourcecode.swift; path = ContentView_forScreenShot.swift; sourceTree = "<group>"; };
		91B3AF2E2A83862E00E414F8 /* ScheduleViewModel.swift */ = {isa = PBXFileReference; lastKnownFileType = sourcecode.swift; path = ScheduleViewModel.swift; sourceTree = "<group>"; };
		91B3AF332A8386AF00E414F8 /* topItem_ScheduleView.swift */ = {isa = PBXFileReference; lastKnownFileType = sourcecode.swift; path = topItem_ScheduleView.swift; sourceTree = "<group>"; };
		91B3AF362A8388F300E414F8 /* SelectNewScheduleViewModel.swift */ = {isa = PBXFileReference; lastKnownFileType = sourcecode.swift; path = SelectNewScheduleViewModel.swift; sourceTree = "<group>"; };
		91B3AF382A83893100E414F8 /* TaskPicker.swift */ = {isa = PBXFileReference; lastKnownFileType = sourcecode.swift; path = TaskPicker.swift; sourceTree = "<group>"; };
		91B3AF3A2A83895700E414F8 /* ActivityMenu.swift */ = {isa = PBXFileReference; lastKnownFileType = sourcecode.swift; path = ActivityMenu.swift; sourceTree = "<group>"; };
		91B3AF3F2A8389C100E414F8 /* topItem_ActivitiesView.swift */ = {isa = PBXFileReference; lastKnownFileType = sourcecode.swift; path = topItem_ActivitiesView.swift; sourceTree = "<group>"; };
		91B3AF432A838A3900E414F8 /* SlideObserver.swift */ = {isa = PBXFileReference; lastKnownFileType = sourcecode.swift; name = SlideObserver.swift; path = "/Users/Kimuk/Desktop/Compact Schedule/Compact Schedule/ActivitiesView/ActivityAndTasksRow/ActivityRow/普通Row/SlideObserver.swift"; sourceTree = "<absolute>"; };
		91B3AF462A838B9F00E414F8 /* TagButtons.swift */ = {isa = PBXFileReference; lastKnownFileType = sourcecode.swift; path = TagButtons.swift; sourceTree = "<group>"; };
		91B3AF482A838F9600E414F8 /* DayHourMinute.swift */ = {isa = PBXFileReference; lastKnownFileType = sourcecode.swift; path = DayHourMinute.swift; sourceTree = "<group>"; };
		91B3AF4B2A84439A00E414F8 /* TagAndTaskView.swift */ = {isa = PBXFileReference; lastKnownFileType = sourcecode.swift; path = TagAndTaskView.swift; sourceTree = "<group>"; };
		91B3AF4D2A8443C900E414F8 /* ActivityTag.swift */ = {isa = PBXFileReference; lastKnownFileType = sourcecode.swift; path = ActivityTag.swift; sourceTree = "<group>"; };
		91B3AF522A84715B00E414F8 /* DurationPicker.swift */ = {isa = PBXFileReference; lastKnownFileType = sourcecode.swift; path = DurationPicker.swift; sourceTree = "<group>"; };
		91B3AF542A84717500E414F8 /* Task_RowMark.swift */ = {isa = PBXFileReference; lastKnownFileType = sourcecode.swift; path = Task_RowMark.swift; sourceTree = "<group>"; };
		9964D6EDE049B07B2B18A44F /* Pods-Compact Schedule.release.xcconfig */ = {isa = PBXFileReference; includeInIndex = 1; lastKnownFileType = text.xcconfig; name = "Pods-Compact Schedule.release.xcconfig"; path = "Target Support Files/Pods-Compact Schedule/Pods-Compact Schedule.release.xcconfig"; sourceTree = "<group>"; };
/* End PBXFileReference section */

/* Begin PBXFrameworksBuildPhase section */
		9169E5F72A63C73F00270814 /* Frameworks */ = {
			isa = PBXFrameworksBuildPhase;
			buildActionMask = 2147483647;
			files = (
				001ACF0705500188E80CB069 /* Pods_Compact_Schedule.framework in Frameworks */,
			);
			runOnlyForDeploymentPostprocessing = 0;
		};
/* End PBXFrameworksBuildPhase section */

/* Begin PBXGroup section */
		9169E5F12A63C73F00270814 = {
			isa = PBXGroup;
			children = (
				9169E5FC2A63C73F00270814 /* Compact Schedule */,
				9169E5FB2A63C73F00270814 /* Products */,
				A6782F351549287CB8FA7E98 /* Pods */,
				F24166C924C135483B885077 /* Frameworks */,
			);
			sourceTree = "<group>";
		};
		9169E5FB2A63C73F00270814 /* Products */ = {
			isa = PBXGroup;
			children = (
				9169E5FA2A63C73F00270814 /* Compact Schedule.app */,
			);
			name = Products;
			sourceTree = "<group>";
		};
		9169E5FC2A63C73F00270814 /* Compact Schedule */ = {
			isa = PBXGroup;
			children = (
				9169E5FD2A63C73F00270814 /* Compact_ScheduleApp.swift */,
				9169E6602A6D1D6A00270814 /* GlobalConstants.swift */,
				9169E60F2A66268500270814 /* ScheduleView */,
				9169E6302A662CAF00270814 /* ActivitiesView */,
				91B3AF412A8389E500E414F8 /* ContentView */,
				9169E6012A63C74000270814 /* Assets.xcassets */,
				9169E6032A63C74000270814 /* Preview Content */,
			);
			path = "Compact Schedule";
			sourceTree = "<group>";
		};
		9169E6032A63C74000270814 /* Preview Content */ = {
			isa = PBXGroup;
			children = (
				9169E6042A63C74000270814 /* Preview Assets.xcassets */,
			);
			path = "Preview Content";
			sourceTree = "<group>";
		};
		9169E60F2A66268500270814 /* ScheduleView */ = {
			isa = PBXGroup;
			children = (
				9169E60B2A63C8E900270814 /* ScheduleView.swift */,
				91B3AF2E2A83862E00E414F8 /* ScheduleViewModel.swift */,
				91B3AF322A83869A00E414F8 /* TopItem */,
				9169E61F2A66284C00270814 /* TimeScale */,
				9169E6112A6626C000270814 /* ScheduleItemsView */,
				9169E61E2A6627E500270814 /* Overlays */,
				91B3AF302A83865100E414F8 /* ScheduleSize */,
				91B3AF312A83865E00E414F8 /* setScrollTop */,
				9169E6772A7A2A4E00270814 /* RealtimeDate */,
			);
			path = ScheduleView;
			sourceTree = "<group>";
		};
		9169E6112A6626C000270814 /* ScheduleItemsView */ = {
			isa = PBXGroup;
			children = (
				9169E6122A6626D200270814 /* ScheduleItemsView.swift */,
				9169E66F2A775E1F00270814 /* ScheduleItem_DisplayView */,
				9169E6582A6A335B00270814 /* ScheduleItem_EditView */,
				9169E6182A66270100270814 /* ScheduleItem.swift */,
				9169E6782A7A42C600270814 /* ScheduleItemViewSize.swift */,
				91B3AF4A2A84437C00E414F8 /* ScheduleItemView */,
			);
			path = ScheduleItemsView;
			sourceTree = "<group>";
		};
		9169E61E2A6627E500270814 /* Overlays */ = {
			isa = PBXGroup;
			children = (
				91B3AF352A8388D800E414F8 /* 予定追加の選択画面 */,
				9169E62E2A6629FD00270814 /* AddScheduleButton.swift */,
			);
			path = Overlays;
			sourceTree = "<group>";
		};
		9169E61F2A66284C00270814 /* TimeScale */ = {
			isa = PBXGroup;
			children = (
				9169E6202A66286D00270814 /* TimeScaleView.swift */,
				9169E6292A6628F300270814 /* TickMarks */,
			);
			path = TimeScale;
			sourceTree = "<group>";
		};
		9169E6222A66289400270814 /* TickMark */ = {
			isa = PBXGroup;
			children = (
				9169E6232A6628A200270814 /* ShortTickMark.swift */,
				9169E6252A6628B800270814 /* LongTickMark.swift */,
				9169E6272A6628C100270814 /* TickMark.swift */,
			);
			path = TickMark;
			sourceTree = "<group>";
		};
		9169E6292A6628F300270814 /* TickMarks */ = {
			isa = PBXGroup;
			children = (
				9169E62A2A66290C00270814 /* OneHourTickMarks.swift */,
				9169E62C2A66293700270814 /* Cliped_OneHourTickMarks.swift */,
				9169E6222A66289400270814 /* TickMark */,
			);
			path = TickMarks;
			sourceTree = "<group>";
		};
		9169E6302A662CAF00270814 /* ActivitiesView */ = {
			isa = PBXGroup;
			children = (
				9169E64C2A66990C00270814 /* ActivitiesView.swift */,
				9169E6622A6F669900270814 /* SlidableRow.swift */,
				91B3AF3E2A8389AF00E414F8 /* TopItem */,
				9169E64E2A669A6A00270814 /* ActivityAndTasksRow */,
			);
			path = ActivitiesView;
			sourceTree = "<group>";
		};
		9169E6372A66942700270814 /* ActivityRow */ = {
			isa = PBXGroup;
			children = (
				9169E6412A6695D800270814 /* ActivityRowFrame.swift */,
				9169E63C2A66954A00270814 /* 普通Row */,
				9169E6492A6696C300270814 /* 追加用Row */,
				9169E65F2A6BA9B900270814 /* Acivity */,
			);
			path = ActivityRow;
			sourceTree = "<group>";
		};
		9169E63C2A66954A00270814 /* 普通Row */ = {
			isa = PBXGroup;
			children = (
				9169E6332A66940900270814 /* ActivityRow.swift */,
				91B3AF432A838A3900E414F8 /* SlideObserver.swift */,
			);
			path = "普通Row";
			sourceTree = "<group>";
		};
		9169E6492A6696C300270814 /* 追加用Row */ = {
			isa = PBXGroup;
			children = (
				9169E6352A66941800270814 /* AddActivityRow.swift */,
				9169E6512A669E4800270814 /* Inactive(押す前) */,
				9169E6502A669E2F00270814 /* Active(押した後) */,
			);
			path = "追加用Row";
			sourceTree = "<group>";
		};
		9169E64E2A669A6A00270814 /* ActivityAndTasksRow */ = {
			isa = PBXGroup;
			children = (
				9169E64A2A6698A900270814 /* ActivityAndTasksRow.swift */,
				9169E6372A66942700270814 /* ActivityRow */,
				9169E64F2A669A7200270814 /* TaskList */,
			);
			path = ActivityAndTasksRow;
			sourceTree = "<group>";
		};
		9169E64F2A669A7200270814 /* TaskList */ = {
			isa = PBXGroup;
			children = (
				9169E63A2A66951C00270814 /* TaskList.swift */,
				9169E6662A6F66E000270814 /* TaskRow */,
				9169E6672A733B4C00270814 /* AddTaskButton.swift */,
			);
			path = TaskList;
			sourceTree = "<group>";
		};
		9169E6502A669E2F00270814 /* Active(押した後) */ = {
			isa = PBXGroup;
			children = (
				9169E6522A669E6500270814 /* AddActivityRow_Active.swift */,
				9169E6562A669EA800270814 /* AddActivityRow_InactiveViewModel.swift */,
			);
			path = "Active(押した後)";
			sourceTree = "<group>";
		};
		9169E6512A669E4800270814 /* Inactive(押す前) */ = {
			isa = PBXGroup;
			children = (
				9169E6542A669E8B00270814 /* AddActivityRow_Inactive.swift */,
			);
			path = "Inactive(押す前)";
			sourceTree = "<group>";
		};
		9169E6582A6A335B00270814 /* ScheduleItem_EditView */ = {
			isa = PBXGroup;
			children = (
				9169E6162A6626F900270814 /* ScheduleItem_EditView.swift */,
				9169E6592A6A337B00270814 /* ScheduleItem_EditViewModel.swift */,
				9169E66D2A775DCB00270814 /* background */,
				9169E66E2A775DF100270814 /* DragObserver */,
			);
			path = ScheduleItem_EditView;
			sourceTree = "<group>";
		};
		9169E65F2A6BA9B900270814 /* Acivity */ = {
			isa = PBXGroup;
			children = (
				9169E6452A66968700270814 /* Activity.swift */,
				9169E65D2A6BA9B600270814 /* ActivityColor.swift */,
			);
			path = Acivity;
			sourceTree = "<group>";
		};
		9169E6662A6F66E000270814 /* TaskRow */ = {
			isa = PBXGroup;
			children = (
				9169E63F2A6695A400270814 /* TaskRow.swift */,
				91B3AF562A84717C00E414F8 /* TaskRowMark */,
				91B3AF572A84718A00E414F8 /* DurationPicker */,
				9169E6642A6F66CF00270814 /* DeletableRow.swift */,
				9169E6472A6696A700270814 /* Task.swift */,
			);
			path = TaskRow;
			sourceTree = "<group>";
		};
		9169E66D2A775DCB00270814 /* background */ = {
			isa = PBXGroup;
			children = (
				9169E66B2A775BA800270814 /* EditScheduleItemBackground.swift */,
			);
			path = background;
			sourceTree = "<group>";
		};
		9169E66E2A775DF100270814 /* DragObserver */ = {
			isa = PBXGroup;
			children = (
				9169E65B2A6A339500270814 /* ScheduleDragObserver.swift */,
			);
			path = DragObserver;
			sourceTree = "<group>";
		};
		9169E66F2A775E1F00270814 /* ScheduleItem_DisplayView */ = {
			isa = PBXGroup;
			children = (
				9169E6732A7760A200270814 /* ScheduleItem_DisplayView.swift */,
				9169E6702A775E6000270814 /* background */,
			);
			path = ScheduleItem_DisplayView;
			sourceTree = "<group>";
		};
		9169E6702A775E6000270814 /* background */ = {
			isa = PBXGroup;
			children = (
				9169E6692A775B9900270814 /* ScheduleItemBackground.swift */,
			);
			path = background;
			sourceTree = "<group>";
		};
		9169E6772A7A2A4E00270814 /* RealtimeDate */ = {
			isa = PBXGroup;
			children = (
				9169E6752A7A2A3D00270814 /* RealtimeDate.swift */,
				91B3AF482A838F9600E414F8 /* DayHourMinute.swift */,
			);
			path = RealtimeDate;
			sourceTree = "<group>";
		};
		91B3AF302A83865100E414F8 /* ScheduleSize */ = {
			isa = PBXGroup;
			children = (
				9169E61A2A66279C00270814 /* ScheduleSize.swift */,
			);
			path = ScheduleSize;
			sourceTree = "<group>";
		};
		91B3AF312A83865E00E414F8 /* setScrollTop */ = {
			isa = PBXGroup;
			children = (
				9169E6712A775E9400270814 /* setScrollTop.swift */,
			);
			path = setScrollTop;
			sourceTree = "<group>";
		};
		91B3AF322A83869A00E414F8 /* TopItem */ = {
			isa = PBXGroup;
			children = (
				91B3AF332A8386AF00E414F8 /* topItem_ScheduleView.swift */,
			);
			path = TopItem;
			sourceTree = "<group>";
		};
		91B3AF352A8388D800E414F8 /* 予定追加の選択画面 */ = {
			isa = PBXGroup;
			children = (
				9169E61C2A6627D600270814 /* SelectNewScheduleView.swift */,
				91B3AF362A8388F300E414F8 /* SelectNewScheduleViewModel.swift */,
				91B3AF3C2A83897000E414F8 /* ActivityMenu */,
				91B3AF3D2A83897C00E414F8 /* TaskPicker */,
			);
			path = "予定追加の選択画面";
			sourceTree = "<group>";
		};
		91B3AF3C2A83897000E414F8 /* ActivityMenu */ = {
			isa = PBXGroup;
			children = (
				91B3AF3A2A83895700E414F8 /* ActivityMenu.swift */,
			);
			path = ActivityMenu;
			sourceTree = "<group>";
		};
		91B3AF3D2A83897C00E414F8 /* TaskPicker */ = {
			isa = PBXGroup;
			children = (
				91B3AF382A83893100E414F8 /* TaskPicker.swift */,
			);
			path = TaskPicker;
			sourceTree = "<group>";
		};
		91B3AF3E2A8389AF00E414F8 /* TopItem */ = {
			isa = PBXGroup;
			children = (
				91B3AF3F2A8389C100E414F8 /* topItem_ActivitiesView.swift */,
			);
			path = TopItem;
			sourceTree = "<group>";
		};
		91B3AF412A8389E500E414F8 /* ContentView */ = {
			isa = PBXGroup;
			children = (
				9169E5FF2A63C73F00270814 /* ContentView.swift */,
				9169E67C2A7E2E0200270814 /* ContentView_forScreenShot.swift */,
				91B3AF452A838B7900E414F8 /* TagViewのラベル */,
			);
			path = ContentView;
			sourceTree = "<group>";
		};
		91B3AF452A838B7900E414F8 /* TagViewのラベル */ = {
			isa = PBXGroup;
			children = (
				91B3AF462A838B9F00E414F8 /* TagButtons.swift */,
			);
			name = "TagViewのラベル";
			path = "TagViewのラベル";
			sourceTree = "<group>";
		};
		91B3AF4A2A84437C00E414F8 /* ScheduleItemView */ = {
			isa = PBXGroup;
			children = (
				9169E6142A6626EE00270814 /* ScheduleItemView.swift */,
				91B3AF502A84442B00E414F8 /* TagAndTaskView */,
			);
			path = ScheduleItemView;
			sourceTree = "<group>";
		};
		91B3AF502A84442B00E414F8 /* TagAndTaskView */ = {
			isa = PBXGroup;
			children = (
				91B3AF4B2A84439A00E414F8 /* TagAndTaskView.swift */,
				91B3AF512A84444400E414F8 /* ActivityTag */,
			);
			path = TagAndTaskView;
			sourceTree = "<group>";
		};
		91B3AF512A84444400E414F8 /* ActivityTag */ = {
			isa = PBXGroup;
			children = (
				91B3AF4D2A8443C900E414F8 /* ActivityTag.swift */,
			);
			path = ActivityTag;
			sourceTree = "<group>";
		};
		91B3AF562A84717C00E414F8 /* TaskRowMark */ = {
			isa = PBXGroup;
			children = (
				91B3AF542A84717500E414F8 /* Task_RowMark.swift */,
			);
			path = TaskRowMark;
			sourceTree = "<group>";
		};
		91B3AF572A84718A00E414F8 /* DurationPicker */ = {
			isa = PBXGroup;
			children = (
				91B3AF522A84715B00E414F8 /* DurationPicker.swift */,
			);
			path = DurationPicker;
			sourceTree = "<group>";
		};
		A6782F351549287CB8FA7E98 /* Pods */ = {
			isa = PBXGroup;
			children = (
				1D8D68D418C4B27D6B7369DA /* Pods-Compact Schedule.debug.xcconfig */,
				9964D6EDE049B07B2B18A44F /* Pods-Compact Schedule.release.xcconfig */,
			);
			path = Pods;
			sourceTree = "<group>";
		};
		F24166C924C135483B885077 /* Frameworks */ = {
			isa = PBXGroup;
			children = (
				5137A23012267516073645B8 /* Pods_Compact_Schedule.framework */,
			);
			name = Frameworks;
			sourceTree = "<group>";
		};
/* End PBXGroup section */

/* Begin PBXNativeTarget section */
		9169E5F92A63C73F00270814 /* Compact Schedule */ = {
			isa = PBXNativeTarget;
			buildConfigurationList = 9169E6082A63C74000270814 /* Build configuration list for PBXNativeTarget "Compact Schedule" */;
			buildPhases = (
				41D44A86D46419EC130D16AA /* [CP] Check Pods Manifest.lock */,
				9169E5F62A63C73F00270814 /* Sources */,
				9169E5F72A63C73F00270814 /* Frameworks */,
				9169E5F82A63C73F00270814 /* Resources */,
				5E64BAC35762699AC4025D5E /* [CP] Embed Pods Frameworks */,
			);
			buildRules = (
			);
			dependencies = (
			);
			name = "Compact Schedule";
			productName = "Compact Schedule";
			productReference = 9169E5FA2A63C73F00270814 /* Compact Schedule.app */;
			productType = "com.apple.product-type.application";
		};
/* End PBXNativeTarget section */

/* Begin PBXProject section */
		9169E5F22A63C73F00270814 /* Project object */ = {
			isa = PBXProject;
			attributes = {
				BuildIndependentTargetsInParallel = 1;
				LastSwiftUpdateCheck = 1430;
				LastUpgradeCheck = 1430;
				TargetAttributes = {
					9169E5F92A63C73F00270814 = {
						CreatedOnToolsVersion = 14.3.1;
					};
				};
			};
			buildConfigurationList = 9169E5F52A63C73F00270814 /* Build configuration list for PBXProject "Compact Schedule" */;
			compatibilityVersion = "Xcode 14.0";
			developmentRegion = en;
			hasScannedForEncodings = 0;
			knownRegions = (
				en,
				Base,
			);
			mainGroup = 9169E5F12A63C73F00270814;
			productRefGroup = 9169E5FB2A63C73F00270814 /* Products */;
			projectDirPath = "";
			projectRoot = "";
			targets = (
				9169E5F92A63C73F00270814 /* Compact Schedule */,
			);
		};
/* End PBXProject section */

/* Begin PBXResourcesBuildPhase section */
		9169E5F82A63C73F00270814 /* Resources */ = {
			isa = PBXResourcesBuildPhase;
			buildActionMask = 2147483647;
			files = (
				9169E6052A63C74000270814 /* Preview Assets.xcassets in Resources */,
				9169E6022A63C74000270814 /* Assets.xcassets in Resources */,
			);
			runOnlyForDeploymentPostprocessing = 0;
		};
/* End PBXResourcesBuildPhase section */

/* Begin PBXShellScriptBuildPhase section */
		41D44A86D46419EC130D16AA /* [CP] Check Pods Manifest.lock */ = {
			isa = PBXShellScriptBuildPhase;
			buildActionMask = 2147483647;
			files = (
			);
			inputFileListPaths = (
			);
			inputPaths = (
				"${PODS_PODFILE_DIR_PATH}/Podfile.lock",
				"${PODS_ROOT}/Manifest.lock",
			);
			name = "[CP] Check Pods Manifest.lock";
			outputFileListPaths = (
			);
			outputPaths = (
				"$(DERIVED_FILE_DIR)/Pods-Compact Schedule-checkManifestLockResult.txt",
			);
			runOnlyForDeploymentPostprocessing = 0;
			shellPath = /bin/sh;
			shellScript = "diff \"${PODS_PODFILE_DIR_PATH}/Podfile.lock\" \"${PODS_ROOT}/Manifest.lock\" > /dev/null\nif [ $? != 0 ] ; then\n    # print error to STDERR\n    echo \"error: The sandbox is not in sync with the Podfile.lock. Run 'pod install' or update your CocoaPods installation.\" >&2\n    exit 1\nfi\n# This output is used by Xcode 'outputs' to avoid re-running this script phase.\necho \"SUCCESS\" > \"${SCRIPT_OUTPUT_FILE_0}\"\n";
			showEnvVarsInLog = 0;
		};
		5E64BAC35762699AC4025D5E /* [CP] Embed Pods Frameworks */ = {
			isa = PBXShellScriptBuildPhase;
			buildActionMask = 2147483647;
			files = (
			);
			inputFileListPaths = (
				"${PODS_ROOT}/Target Support Files/Pods-Compact Schedule/Pods-Compact Schedule-frameworks-${CONFIGURATION}-input-files.xcfilelist",
			);
			name = "[CP] Embed Pods Frameworks";
			outputFileListPaths = (
				"${PODS_ROOT}/Target Support Files/Pods-Compact Schedule/Pods-Compact Schedule-frameworks-${CONFIGURATION}-output-files.xcfilelist",
			);
			runOnlyForDeploymentPostprocessing = 0;
			shellPath = /bin/sh;
			shellScript = "\"${PODS_ROOT}/Target Support Files/Pods-Compact Schedule/Pods-Compact Schedule-frameworks.sh\"\n";
			showEnvVarsInLog = 0;
		};
/* End PBXShellScriptBuildPhase section */

/* Begin PBXSourcesBuildPhase section */
		9169E5F62A63C73F00270814 /* Sources */ = {
			isa = PBXSourcesBuildPhase;
			buildActionMask = 2147483647;
			files = (
				9169E63B2A66951C00270814 /* TaskList.swift in Sources */,
				9169E6242A6628A200270814 /* ShortTickMark.swift in Sources */,
				9169E62D2A66293700270814 /* Cliped_OneHourTickMarks.swift in Sources */,
				9169E6552A669E8B00270814 /* AddActivityRow_Inactive.swift in Sources */,
				9169E65A2A6A337B00270814 /* ScheduleItem_EditViewModel.swift in Sources */,
				9169E6262A6628B800270814 /* LongTickMark.swift in Sources */,
				91B3AF392A83893100E414F8 /* TaskPicker.swift in Sources */,
				9169E6462A66968700270814 /* Activity.swift in Sources */,
				9169E66A2A775B9900270814 /* ScheduleItemBackground.swift in Sources */,
				9169E67D2A7E2E0200270814 /* ContentView_forScreenShot.swift in Sources */,
				9169E6362A66941800270814 /* AddActivityRow.swift in Sources */,
				9169E64B2A6698A900270814 /* ActivityAndTasksRow.swift in Sources */,
				91B3AF442A838A3900E414F8 /* SlideObserver.swift in Sources */,
				9169E65C2A6A339500270814 /* ScheduleDragObserver.swift in Sources */,
				9169E6612A6D1D6A00270814 /* GlobalConstants.swift in Sources */,
				91B3AF552A84717500E414F8 /* Task_RowMark.swift in Sources */,
				9169E6422A6695D800270814 /* ActivityRowFrame.swift in Sources */,
				9169E6792A7A42C600270814 /* ScheduleItemViewSize.swift in Sources */,
				9169E6482A6696A700270814 /* Task.swift in Sources */,
				91B3AF472A838B9F00E414F8 /* TagButtons.swift in Sources */,
				9169E62B2A66290C00270814 /* OneHourTickMarks.swift in Sources */,
				9169E61B2A66279C00270814 /* ScheduleSize.swift in Sources */,
				9169E6172A6626F900270814 /* ScheduleItem_EditView.swift in Sources */,
				9169E6192A66270100270814 /* ScheduleItem.swift in Sources */,
				9169E6282A6628C100270814 /* TickMark.swift in Sources */,
				91B3AF3B2A83895700E414F8 /* ActivityMenu.swift in Sources */,
				9169E62F2A6629FD00270814 /* AddScheduleButton.swift in Sources */,
				91B3AF402A8389C100E414F8 /* topItem_ActivitiesView.swift in Sources */,
				91B3AF4E2A8443C900E414F8 /* ActivityTag.swift in Sources */,
				9169E6152A6626EE00270814 /* ScheduleItemView.swift in Sources */,
				91B3AF4C2A84439A00E414F8 /* TagAndTaskView.swift in Sources */,
				91B3AF492A838F9600E414F8 /* DayHourMinute.swift in Sources */,
				9169E6002A63C73F00270814 /* ContentView.swift in Sources */,
				9169E6762A7A2A3D00270814 /* RealtimeDate.swift in Sources */,
				91B3AF532A84715B00E414F8 /* DurationPicker.swift in Sources */,
				91B3AF372A8388F300E414F8 /* SelectNewScheduleViewModel.swift in Sources */,
				9169E6342A66940900270814 /* ActivityRow.swift in Sources */,
				9169E6742A7760A200270814 /* ScheduleItem_DisplayView.swift in Sources */,
				91B3AF2F2A83862E00E414F8 /* ScheduleViewModel.swift in Sources */,
				9169E6532A669E6500270814 /* AddActivityRow_Active.swift in Sources */,
				9169E5FE2A63C73F00270814 /* Compact_ScheduleApp.swift in Sources */,
				9169E6722A775E9400270814 /* setScrollTop.swift in Sources */,
				9169E6632A6F669900270814 /* SlidableRow.swift in Sources */,
				9169E6132A6626D200270814 /* ScheduleItemsView.swift in Sources */,
				9169E60C2A63C8E900270814 /* ScheduleView.swift in Sources */,
				9169E65E2A6BA9B600270814 /* ActivityColor.swift in Sources */,
				9169E6572A669EA800270814 /* AddActivityRow_InactiveViewModel.swift in Sources */,
				9169E6402A6695A400270814 /* TaskRow.swift in Sources */,
				9169E61D2A6627D600270814 /* SelectNewScheduleView.swift in Sources */,
				9169E6652A6F66CF00270814 /* DeletableRow.swift in Sources */,
				9169E6212A66286D00270814 /* TimeScaleView.swift in Sources */,
				9169E66C2A775BA800270814 /* EditScheduleItemBackground.swift in Sources */,
				9169E64D2A66990C00270814 /* ActivitiesView.swift in Sources */,
				91B3AF342A8386AF00E414F8 /* topItem_ScheduleView.swift in Sources */,
				9169E6682A733B4C00270814 /* AddTaskButton.swift in Sources */,
			);
			runOnlyForDeploymentPostprocessing = 0;
		};
/* End PBXSourcesBuildPhase section */

/* Begin XCBuildConfiguration section */
		9169E6062A63C74000270814 /* Debug */ = {
			isa = XCBuildConfiguration;
			buildSettings = {
				ALWAYS_SEARCH_USER_PATHS = NO;
				CLANG_ANALYZER_NONNULL = YES;
				CLANG_ANALYZER_NUMBER_OBJECT_CONVERSION = YES_AGGRESSIVE;
				CLANG_CXX_LANGUAGE_STANDARD = "gnu++20";
				CLANG_ENABLE_MODULES = YES;
				CLANG_ENABLE_OBJC_ARC = YES;
				CLANG_ENABLE_OBJC_WEAK = YES;
				CLANG_WARN_BLOCK_CAPTURE_AUTORELEASING = YES;
				CLANG_WARN_BOOL_CONVERSION = YES;
				CLANG_WARN_COMMA = YES;
				CLANG_WARN_CONSTANT_CONVERSION = YES;
				CLANG_WARN_DEPRECATED_OBJC_IMPLEMENTATIONS = YES;
				CLANG_WARN_DIRECT_OBJC_ISA_USAGE = YES_ERROR;
				CLANG_WARN_DOCUMENTATION_COMMENTS = YES;
				CLANG_WARN_EMPTY_BODY = YES;
				CLANG_WARN_ENUM_CONVERSION = YES;
				CLANG_WARN_INFINITE_RECURSION = YES;
				CLANG_WARN_INT_CONVERSION = YES;
				CLANG_WARN_NON_LITERAL_NULL_CONVERSION = YES;
				CLANG_WARN_OBJC_IMPLICIT_RETAIN_SELF = YES;
				CLANG_WARN_OBJC_LITERAL_CONVERSION = YES;
				CLANG_WARN_OBJC_ROOT_CLASS = YES_ERROR;
				CLANG_WARN_QUOTED_INCLUDE_IN_FRAMEWORK_HEADER = YES;
				CLANG_WARN_RANGE_LOOP_ANALYSIS = YES;
				CLANG_WARN_STRICT_PROTOTYPES = YES;
				CLANG_WARN_SUSPICIOUS_MOVE = YES;
				CLANG_WARN_UNGUARDED_AVAILABILITY = YES_AGGRESSIVE;
				CLANG_WARN_UNREACHABLE_CODE = YES;
				CLANG_WARN__DUPLICATE_METHOD_MATCH = YES;
				COPY_PHASE_STRIP = NO;
				DEBUG_INFORMATION_FORMAT = dwarf;
				ENABLE_STRICT_OBJC_MSGSEND = YES;
				ENABLE_TESTABILITY = YES;
				GCC_C_LANGUAGE_STANDARD = gnu11;
				GCC_DYNAMIC_NO_PIC = NO;
				GCC_NO_COMMON_BLOCKS = YES;
				GCC_OPTIMIZATION_LEVEL = 0;
				GCC_PREPROCESSOR_DEFINITIONS = (
					"DEBUG=1",
					"$(inherited)",
				);
				GCC_WARN_64_TO_32_BIT_CONVERSION = YES;
				GCC_WARN_ABOUT_RETURN_TYPE = YES_ERROR;
				GCC_WARN_UNDECLARED_SELECTOR = YES;
				GCC_WARN_UNINITIALIZED_AUTOS = YES_AGGRESSIVE;
				GCC_WARN_UNUSED_FUNCTION = YES;
				GCC_WARN_UNUSED_VARIABLE = YES;
				IPHONEOS_DEPLOYMENT_TARGET = 16.4;
				MTL_ENABLE_DEBUG_INFO = INCLUDE_SOURCE;
				MTL_FAST_MATH = YES;
				ONLY_ACTIVE_ARCH = YES;
				SDKROOT = iphoneos;
				SWIFT_ACTIVE_COMPILATION_CONDITIONS = DEBUG;
				SWIFT_OPTIMIZATION_LEVEL = "-Onone";
			};
			name = Debug;
		};
		9169E6072A63C74000270814 /* Release */ = {
			isa = XCBuildConfiguration;
			buildSettings = {
				ALWAYS_SEARCH_USER_PATHS = NO;
				CLANG_ANALYZER_NONNULL = YES;
				CLANG_ANALYZER_NUMBER_OBJECT_CONVERSION = YES_AGGRESSIVE;
				CLANG_CXX_LANGUAGE_STANDARD = "gnu++20";
				CLANG_ENABLE_MODULES = YES;
				CLANG_ENABLE_OBJC_ARC = YES;
				CLANG_ENABLE_OBJC_WEAK = YES;
				CLANG_WARN_BLOCK_CAPTURE_AUTORELEASING = YES;
				CLANG_WARN_BOOL_CONVERSION = YES;
				CLANG_WARN_COMMA = YES;
				CLANG_WARN_CONSTANT_CONVERSION = YES;
				CLANG_WARN_DEPRECATED_OBJC_IMPLEMENTATIONS = YES;
				CLANG_WARN_DIRECT_OBJC_ISA_USAGE = YES_ERROR;
				CLANG_WARN_DOCUMENTATION_COMMENTS = YES;
				CLANG_WARN_EMPTY_BODY = YES;
				CLANG_WARN_ENUM_CONVERSION = YES;
				CLANG_WARN_INFINITE_RECURSION = YES;
				CLANG_WARN_INT_CONVERSION = YES;
				CLANG_WARN_NON_LITERAL_NULL_CONVERSION = YES;
				CLANG_WARN_OBJC_IMPLICIT_RETAIN_SELF = YES;
				CLANG_WARN_OBJC_LITERAL_CONVERSION = YES;
				CLANG_WARN_OBJC_ROOT_CLASS = YES_ERROR;
				CLANG_WARN_QUOTED_INCLUDE_IN_FRAMEWORK_HEADER = YES;
				CLANG_WARN_RANGE_LOOP_ANALYSIS = YES;
				CLANG_WARN_STRICT_PROTOTYPES = YES;
				CLANG_WARN_SUSPICIOUS_MOVE = YES;
				CLANG_WARN_UNGUARDED_AVAILABILITY = YES_AGGRESSIVE;
				CLANG_WARN_UNREACHABLE_CODE = YES;
				CLANG_WARN__DUPLICATE_METHOD_MATCH = YES;
				COPY_PHASE_STRIP = NO;
				DEBUG_INFORMATION_FORMAT = "dwarf-with-dsym";
				ENABLE_NS_ASSERTIONS = NO;
				ENABLE_STRICT_OBJC_MSGSEND = YES;
				GCC_C_LANGUAGE_STANDARD = gnu11;
				GCC_NO_COMMON_BLOCKS = YES;
				GCC_WARN_64_TO_32_BIT_CONVERSION = YES;
				GCC_WARN_ABOUT_RETURN_TYPE = YES_ERROR;
				GCC_WARN_UNDECLARED_SELECTOR = YES;
				GCC_WARN_UNINITIALIZED_AUTOS = YES_AGGRESSIVE;
				GCC_WARN_UNUSED_FUNCTION = YES;
				GCC_WARN_UNUSED_VARIABLE = YES;
				IPHONEOS_DEPLOYMENT_TARGET = 16.4;
				MTL_ENABLE_DEBUG_INFO = NO;
				MTL_FAST_MATH = YES;
				SDKROOT = iphoneos;
				SWIFT_COMPILATION_MODE = wholemodule;
				SWIFT_OPTIMIZATION_LEVEL = "-O";
				VALIDATE_PRODUCT = YES;
			};
			name = Release;
		};
		9169E6092A63C74000270814 /* Debug */ = {
			isa = XCBuildConfiguration;
			baseConfigurationReference = 1D8D68D418C4B27D6B7369DA /* Pods-Compact Schedule.debug.xcconfig */;
			buildSettings = {
				ASSETCATALOG_COMPILER_APPICON_NAME = AppIcon;
				ASSETCATALOG_COMPILER_GLOBAL_ACCENT_COLOR_NAME = AccentColor;
				CODE_SIGN_IDENTITY = "Apple Development";
				CODE_SIGN_STYLE = Automatic;
				CURRENT_PROJECT_VERSION = 1;
				DEVELOPMENT_ASSET_PATHS = "\"Compact Schedule/Preview Content\"";
				DEVELOPMENT_TEAM = X95VKDC284;
				ENABLE_PREVIEWS = YES;
				GENERATE_INFOPLIST_FILE = YES;
				INFOPLIST_KEY_CFBundleDisplayName = "コンパクト予定表";
				INFOPLIST_KEY_UIApplicationSceneManifest_Generation = YES;
				INFOPLIST_KEY_UIApplicationSupportsIndirectInputEvents = YES;
				INFOPLIST_KEY_UILaunchScreen_Generation = YES;
				INFOPLIST_KEY_UISupportedInterfaceOrientations = UIInterfaceOrientationPortrait;
				INFOPLIST_KEY_UISupportedInterfaceOrientations_iPad = "UIInterfaceOrientationLandscapeLeft UIInterfaceOrientationLandscapeRight UIInterfaceOrientationPortrait UIInterfaceOrientationPortraitUpsideDown";
				LD_RUNPATH_SEARCH_PATHS = (
					"$(inherited)",
					"@executable_path/Frameworks",
				);
				MARKETING_VERSION = 1.0;
				PRODUCT_BUNDLE_IDENTIFIER = "aoihito0524.Compact-Schedule";
				PRODUCT_NAME = "$(TARGET_NAME)";
				PROVISIONING_PROFILE_SPECIFIER = "";
				SWIFT_EMIT_LOC_STRINGS = YES;
				SWIFT_VERSION = 5.0;
				TARGETED_DEVICE_FAMILY = "1,2";
			};
			name = Debug;
		};
		9169E60A2A63C74000270814 /* Release */ = {
			isa = XCBuildConfiguration;
			baseConfigurationReference = 9964D6EDE049B07B2B18A44F /* Pods-Compact Schedule.release.xcconfig */;
			buildSettings = {
				ASSETCATALOG_COMPILER_APPICON_NAME = AppIcon;
				ASSETCATALOG_COMPILER_GLOBAL_ACCENT_COLOR_NAME = AccentColor;
				CODE_SIGN_IDENTITY = "Apple Development";
				CODE_SIGN_STYLE = Automatic;
				CURRENT_PROJECT_VERSION = 1;
				DEVELOPMENT_ASSET_PATHS = "\"Compact Schedule/Preview Content\"";
				DEVELOPMENT_TEAM = X95VKDC284;
				ENABLE_PREVIEWS = YES;
				GENERATE_INFOPLIST_FILE = YES;
				INFOPLIST_KEY_CFBundleDisplayName = "コンパクト予定表";
				INFOPLIST_KEY_UIApplicationSceneManifest_Generation = YES;
				INFOPLIST_KEY_UIApplicationSupportsIndirectInputEvents = YES;
				INFOPLIST_KEY_UILaunchScreen_Generation = YES;
				INFOPLIST_KEY_UISupportedInterfaceOrientations = UIInterfaceOrientationPortrait;
				INFOPLIST_KEY_UISupportedInterfaceOrientations_iPad = "UIInterfaceOrientationLandscapeLeft UIInterfaceOrientationLandscapeRight UIInterfaceOrientationPortrait UIInterfaceOrientationPortraitUpsideDown";
				LD_RUNPATH_SEARCH_PATHS = (
					"$(inherited)",
					"@executable_path/Frameworks",
				);
				MARKETING_VERSION = 1.0;
				PRODUCT_BUNDLE_IDENTIFIER = "aoihito0524.Compact-Schedule";
				PRODUCT_NAME = "$(TARGET_NAME)";
				PROVISIONING_PROFILE_SPECIFIER = "";
				SWIFT_EMIT_LOC_STRINGS = YES;
				SWIFT_VERSION = 5.0;
				TARGETED_DEVICE_FAMILY = "1,2";
			};
			name = Release;
		};
/* End XCBuildConfiguration section */

/* Begin XCConfigurationList section */
		9169E5F52A63C73F00270814 /* Build configuration list for PBXProject "Compact Schedule" */ = {
			isa = XCConfigurationList;
			buildConfigurations = (
				9169E6062A63C74000270814 /* Debug */,
				9169E6072A63C74000270814 /* Release */,
			);
			defaultConfigurationIsVisible = 0;
			defaultConfigurationName = Release;
		};
		9169E6082A63C74000270814 /* Build configuration list for PBXNativeTarget "Compact Schedule" */ = {
			isa = XCConfigurationList;
			buildConfigurations = (
				9169E6092A63C74000270814 /* Debug */,
				9169E60A2A63C74000270814 /* Release */,
			);
			defaultConfigurationIsVisible = 0;
			defaultConfigurationName = Release;
		};
/* End XCConfigurationList section */
	};
	rootObject = 9169E5F22A63C73F00270814 /* Project object */;
}
